PODS:
  - Skafos (4.0.3)
  - SnapKit (5.0.0)

DEPENDENCIES:
  - Skafos (~> 4.0.2)
  - SnapKit

SPEC REPOS:
  https://github.com/cocoapods/specs.git:
    - Skafos
    - SnapKit

SPEC CHECKSUMS:
  Skafos: 0be2c016d0d0d4532b822b7bc108223758d113de
  SnapKit: fd22d10eb9aff484d79a8724eab922c1ddf89bcf

PODFILE CHECKSUM: cebd9a89f28f9c965a4bd6fb8e0b12a3539ae749

COCOAPODS: 1.6.1
